// !$*UTF8*$!
{
	archiveVersion = 1;
	classes = {
	};
	objectVersion = 56;
	objects = {

/* Begin PBXBuildFile section */
		B1BA1E5E2AF4648000C56130 /* ToDoListAppApp.swift in Sources */ = {isa = PBXBuildFile; fileRef = B1BA1E5D2AF4648000C56130 /* ToDoListAppApp.swift */; };
		B1BA1E602AF4648000C56130 /* MainView.swift in Sources */ = {isa = PBXBuildFile; fileRef = B1BA1E5F2AF4648000C56130 /* MainView.swift */; };
		B1BA1E622AF4648200C56130 /* Assets.xcassets in Resources */ = {isa = PBXBuildFile; fileRef = B1BA1E612AF4648200C56130 /* Assets.xcassets */; };
		B1BA1E652AF4648200C56130 /* Preview Assets.xcassets in Resources */ = {isa = PBXBuildFile; fileRef = B1BA1E642AF4648200C56130 /* Preview Assets.xcassets */; };
		B1BA1E6F2AF4684E00C56130 /* FirebaseAnalytics in Frameworks */ = {isa = PBXBuildFile; productRef = B1BA1E6E2AF4684E00C56130 /* FirebaseAnalytics */; };
		B1BA1E712AF4684E00C56130 /* FirebaseAnalyticsOnDeviceConversion in Frameworks */ = {isa = PBXBuildFile; productRef = B1BA1E702AF4684E00C56130 /* FirebaseAnalyticsOnDeviceConversion */; };
		B1BA1E732AF4684E00C56130 /* FirebaseAnalyticsSwift in Frameworks */ = {isa = PBXBuildFile; productRef = B1BA1E722AF4684E00C56130 /* FirebaseAnalyticsSwift */; };
		B1BA1E752AF4684E00C56130 /* FirebaseAnalyticsWithoutAdIdSupport in Frameworks */ = {isa = PBXBuildFile; productRef = B1BA1E742AF4684E00C56130 /* FirebaseAnalyticsWithoutAdIdSupport */; };
		B1BA1E772AF4684E00C56130 /* FirebaseAppCheck in Frameworks */ = {isa = PBXBuildFile; productRef = B1BA1E762AF4684E00C56130 /* FirebaseAppCheck */; };
		B1BA1E792AF4684E00C56130 /* FirebaseAppDistribution-Beta in Frameworks */ = {isa = PBXBuildFile; productRef = B1BA1E782AF4684E00C56130 /* FirebaseAppDistribution-Beta */; };
		B1BA1E7B2AF4684E00C56130 /* FirebaseAuth in Frameworks */ = {isa = PBXBuildFile; productRef = B1BA1E7A2AF4684E00C56130 /* FirebaseAuth */; };
		B1BA1E7D2AF4684E00C56130 /* FirebaseAuthCombine-Community in Frameworks */ = {isa = PBXBuildFile; productRef = B1BA1E7C2AF4684E00C56130 /* FirebaseAuthCombine-Community */; };
		B1BA1E7F2AF4684E00C56130 /* FirebaseCrashlytics in Frameworks */ = {isa = PBXBuildFile; productRef = B1BA1E7E2AF4684E00C56130 /* FirebaseCrashlytics */; };
		B1BA1E812AF4684E00C56130 /* FirebaseDatabase in Frameworks */ = {isa = PBXBuildFile; productRef = B1BA1E802AF4684E00C56130 /* FirebaseDatabase */; };
		B1BA1E832AF4684E00C56130 /* FirebaseDatabaseSwift in Frameworks */ = {isa = PBXBuildFile; productRef = B1BA1E822AF4684E00C56130 /* FirebaseDatabaseSwift */; };
		B1BA1E852AF4684E00C56130 /* FirebaseDynamicLinks in Frameworks */ = {isa = PBXBuildFile; productRef = B1BA1E842AF4684E00C56130 /* FirebaseDynamicLinks */; };
		B1BA1E872AF4684E00C56130 /* FirebaseFirestore in Frameworks */ = {isa = PBXBuildFile; productRef = B1BA1E862AF4684E00C56130 /* FirebaseFirestore */; };
		B1BA1E892AF4684E00C56130 /* FirebaseFirestoreCombine-Community in Frameworks */ = {isa = PBXBuildFile; productRef = B1BA1E882AF4684E00C56130 /* FirebaseFirestoreCombine-Community */; };
		B1BA1E8B2AF4684E00C56130 /* FirebaseFirestoreSwift in Frameworks */ = {isa = PBXBuildFile; productRef = B1BA1E8A2AF4684E00C56130 /* FirebaseFirestoreSwift */; };
		B1BA1E8D2AF4684E00C56130 /* FirebaseFunctions in Frameworks */ = {isa = PBXBuildFile; productRef = B1BA1E8C2AF4684E00C56130 /* FirebaseFunctions */; };
		B1BA1E8F2AF4684E00C56130 /* FirebaseFunctionsCombine-Community in Frameworks */ = {isa = PBXBuildFile; productRef = B1BA1E8E2AF4684E00C56130 /* FirebaseFunctionsCombine-Community */; };
		B1BA1E912AF4684E00C56130 /* FirebaseInAppMessaging-Beta in Frameworks */ = {isa = PBXBuildFile; productRef = B1BA1E902AF4684E00C56130 /* FirebaseInAppMessaging-Beta */; };
		B1BA1E932AF4684E00C56130 /* FirebaseInAppMessagingSwift-Beta in Frameworks */ = {isa = PBXBuildFile; productRef = B1BA1E922AF4684E00C56130 /* FirebaseInAppMessagingSwift-Beta */; };
		B1BA1E952AF4684E00C56130 /* FirebaseInstallations in Frameworks */ = {isa = PBXBuildFile; productRef = B1BA1E942AF4684E00C56130 /* FirebaseInstallations */; };
		B1BA1E972AF4684E00C56130 /* FirebaseMLModelDownloader in Frameworks */ = {isa = PBXBuildFile; productRef = B1BA1E962AF4684E00C56130 /* FirebaseMLModelDownloader */; };
		B1BA1E992AF4684E00C56130 /* FirebaseMessaging in Frameworks */ = {isa = PBXBuildFile; productRef = B1BA1E982AF4684E00C56130 /* FirebaseMessaging */; };
		B1BA1E9B2AF4684E00C56130 /* FirebasePerformance in Frameworks */ = {isa = PBXBuildFile; productRef = B1BA1E9A2AF4684E00C56130 /* FirebasePerformance */; };
		B1BA1E9D2AF4684E00C56130 /* FirebaseRemoteConfig in Frameworks */ = {isa = PBXBuildFile; productRef = B1BA1E9C2AF4684E00C56130 /* FirebaseRemoteConfig */; };
		B1BA1E9F2AF4684E00C56130 /* FirebaseRemoteConfigSwift in Frameworks */ = {isa = PBXBuildFile; productRef = B1BA1E9E2AF4684E00C56130 /* FirebaseRemoteConfigSwift */; };
		B1BA1EA12AF4684E00C56130 /* FirebaseStorage in Frameworks */ = {isa = PBXBuildFile; productRef = B1BA1EA02AF4684E00C56130 /* FirebaseStorage */; };
		B1BA1EA32AF4684E00C56130 /* FirebaseStorageCombine-Community in Frameworks */ = {isa = PBXBuildFile; productRef = B1BA1EA22AF4684E00C56130 /* FirebaseStorageCombine-Community */; };
		B1BA1EA92AF46B8900C56130 /* GoogleService-Info.plist in Resources */ = {isa = PBXBuildFile; fileRef = B1BA1EA82AF46B8900C56130 /* GoogleService-Info.plist */; };
		B1BA1EAF2AF46D4200C56130 /* ProfileView.swift in Sources */ = {isa = PBXBuildFile; fileRef = B1BA1EAE2AF46D4200C56130 /* ProfileView.swift */; };
		B1BA1EB12AF46D5B00C56130 /* ToDoListView.swift in Sources */ = {isa = PBXBuildFile; fileRef = B1BA1EB02AF46D5B00C56130 /* ToDoListView.swift */; };
		B1BA1EB32AF46D6300C56130 /* NewItemView.swift in Sources */ = {isa = PBXBuildFile; fileRef = B1BA1EB22AF46D6300C56130 /* NewItemView.swift */; };
		B1BA1EB52AF46D6D00C56130 /* LoginView.swift in Sources */ = {isa = PBXBuildFile; fileRef = B1BA1EB42AF46D6D00C56130 /* LoginView.swift */; };
		B1BA1EB72AF46D7800C56130 /* RegisterView.swift in Sources */ = {isa = PBXBuildFile; fileRef = B1BA1EB62AF46D7800C56130 /* RegisterView.swift */; };
		B1BA1EB92AF46DA100C56130 /* ToDoListItemView.swift in Sources */ = {isa = PBXBuildFile; fileRef = B1BA1EB82AF46DA100C56130 /* ToDoListItemView.swift */; };
		B1BA1EBB2AF46E0100C56130 /* User.swift in Sources */ = {isa = PBXBuildFile; fileRef = B1BA1EBA2AF46E0100C56130 /* User.swift */; };
		B1BA1EBD2AF46E0C00C56130 /* ToDoListItem.swift in Sources */ = {isa = PBXBuildFile; fileRef = B1BA1EBC2AF46E0C00C56130 /* ToDoListItem.swift */; };
		B1BA1EBF2AF46E2D00C56130 /* MainViewViewModel.swift in Sources */ = {isa = PBXBuildFile; fileRef = B1BA1EBE2AF46E2D00C56130 /* MainViewViewModel.swift */; };
		B1BA1EC12AF46E3C00C56130 /* ProfileViewViewModel.swift in Sources */ = {isa = PBXBuildFile; fileRef = B1BA1EC02AF46E3C00C56130 /* ProfileViewViewModel.swift */; };
		B1BA1EC32AF46E4D00C56130 /* ToDoListViewViewModel.swift in Sources */ = {isa = PBXBuildFile; fileRef = B1BA1EC22AF46E4D00C56130 /* ToDoListViewViewModel.swift */; };
		B1BA1EC52AF46E5A00C56130 /* NewItemViewViewModel.swift in Sources */ = {isa = PBXBuildFile; fileRef = B1BA1EC42AF46E5A00C56130 /* NewItemViewViewModel.swift */; };
		B1BA1EC72AF46E6500C56130 /* LoginViewViewModel.swift in Sources */ = {isa = PBXBuildFile; fileRef = B1BA1EC62AF46E6500C56130 /* LoginViewViewModel.swift */; };
		B1BA1EC92AF46E6A00C56130 /* RegisterViewViewModel.swift in Sources */ = {isa = PBXBuildFile; fileRef = B1BA1EC82AF46E6A00C56130 /* RegisterViewViewModel.swift */; };
		B1BA1ECB2AF46E7800C56130 /* ToDoListItemViewViewModel.swift in Sources */ = {isa = PBXBuildFile; fileRef = B1BA1ECA2AF46E7800C56130 /* ToDoListItemViewViewModel.swift */; };
		B1BA1ECD2AF470EA00C56130 /* HeaderView.swift in Sources */ = {isa = PBXBuildFile; fileRef = B1BA1ECC2AF470EA00C56130 /* HeaderView.swift */; };
		B1BA1ECF2AF478C200C56130 /* TLButton.swift in Sources */ = {isa = PBXBuildFile; fileRef = B1BA1ECE2AF478C200C56130 /* TLButton.swift */; };
		B1BA1ED12AF482A000C56130 /* Extensions.swift in Sources */ = {isa = PBXBuildFile; fileRef = B1BA1ED02AF482A000C56130 /* Extensions.swift */; };
/* End PBXBuildFile section */

/* Begin PBXFileReference section */
		B1BA1E5A2AF4648000C56130 /* ToDoListApp.app */ = {isa = PBXFileReference; explicitFileType = wrapper.application; includeInIndex = 0; path = ToDoListApp.app; sourceTree = BUILT_PRODUCTS_DIR; };
		B1BA1E5D2AF4648000C56130 /* ToDoListAppApp.swift */ = {isa = PBXFileReference; lastKnownFileType = sourcecode.swift; path = ToDoListAppApp.swift; sourceTree = "<group>"; };
		B1BA1E5F2AF4648000C56130 /* MainView.swift */ = {isa = PBXFileReference; lastKnownFileType = sourcecode.swift; path = MainView.swift; sourceTree = "<group>"; };
		B1BA1E612AF4648200C56130 /* Assets.xcassets */ = {isa = PBXFileReference; lastKnownFileType = folder.assetcatalog; path = Assets.xcassets; sourceTree = "<group>"; };
		B1BA1E642AF4648200C56130 /* Preview Assets.xcassets */ = {isa = PBXFileReference; lastKnownFileType = folder.assetcatalog; path = "Preview Assets.xcassets"; sourceTree = "<group>"; };
		B1BA1EA82AF46B8900C56130 /* GoogleService-Info.plist */ = {isa = PBXFileReference; fileEncoding = 4; lastKnownFileType = text.plist.xml; path = "GoogleService-Info.plist"; sourceTree = "<group>"; };
		B1BA1EAE2AF46D4200C56130 /* ProfileView.swift */ = {isa = PBXFileReference; lastKnownFileType = sourcecode.swift; path = ProfileView.swift; sourceTree = "<group>"; };
		B1BA1EB02AF46D5B00C56130 /* ToDoListView.swift */ = {isa = PBXFileReference; lastKnownFileType = sourcecode.swift; path = ToDoListView.swift; sourceTree = "<group>"; };
		B1BA1EB22AF46D6300C56130 /* NewItemView.swift */ = {isa = PBXFileReference; lastKnownFileType = sourcecode.swift; path = NewItemView.swift; sourceTree = "<group>"; };
		B1BA1EB42AF46D6D00C56130 /* LoginView.swift */ = {isa = PBXFileReference; lastKnownFileType = sourcecode.swift; path = LoginView.swift; sourceTree = "<group>"; };
		B1BA1EB62AF46D7800C56130 /* RegisterView.swift */ = {isa = PBXFileReference; lastKnownFileType = sourcecode.swift; path = RegisterView.swift; sourceTree = "<group>"; };
		B1BA1EB82AF46DA100C56130 /* ToDoListItemView.swift */ = {isa = PBXFileReference; lastKnownFileType = sourcecode.swift; path = ToDoListItemView.swift; sourceTree = "<group>"; };
		B1BA1EBA2AF46E0100C56130 /* User.swift */ = {isa = PBXFileReference; lastKnownFileType = sourcecode.swift; path = User.swift; sourceTree = "<group>"; };
		B1BA1EBC2AF46E0C00C56130 /* ToDoListItem.swift */ = {isa = PBXFileReference; lastKnownFileType = sourcecode.swift; path = ToDoListItem.swift; sourceTree = "<group>"; };
		B1BA1EBE2AF46E2D00C56130 /* MainViewViewModel.swift */ = {isa = PBXFileReference; lastKnownFileType = sourcecode.swift; path = MainViewViewModel.swift; sourceTree = "<group>"; };
		B1BA1EC02AF46E3C00C56130 /* ProfileViewViewModel.swift */ = {isa = PBXFileReference; lastKnownFileType = sourcecode.swift; path = ProfileViewViewModel.swift; sourceTree = "<group>"; };
		B1BA1EC22AF46E4D00C56130 /* ToDoListViewViewModel.swift */ = {isa = PBXFileReference; lastKnownFileType = sourcecode.swift; path = ToDoListViewViewModel.swift; sourceTree = "<group>"; };
		B1BA1EC42AF46E5A00C56130 /* NewItemViewViewModel.swift */ = {isa = PBXFileReference; lastKnownFileType = sourcecode.swift; path = NewItemViewViewModel.swift; sourceTree = "<group>"; };
		B1BA1EC62AF46E6500C56130 /* LoginViewViewModel.swift */ = {isa = PBXFileReference; lastKnownFileType = sourcecode.swift; path = LoginViewViewModel.swift; sourceTree = "<group>"; };
		B1BA1EC82AF46E6A00C56130 /* RegisterViewViewModel.swift */ = {isa = PBXFileReference; lastKnownFileType = sourcecode.swift; path = RegisterViewViewModel.swift; sourceTree = "<group>"; };
		B1BA1ECA2AF46E7800C56130 /* ToDoListItemViewViewModel.swift */ = {isa = PBXFileReference; lastKnownFileType = sourcecode.swift; path = ToDoListItemViewViewModel.swift; sourceTree = "<group>"; };
		B1BA1ECC2AF470EA00C56130 /* HeaderView.swift */ = {isa = PBXFileReference; lastKnownFileType = sourcecode.swift; path = HeaderView.swift; sourceTree = "<group>"; };
		B1BA1ECE2AF478C200C56130 /* TLButton.swift */ = {isa = PBXFileReference; lastKnownFileType = sourcecode.swift; path = TLButton.swift; sourceTree = "<group>"; };
		B1BA1ED02AF482A000C56130 /* Extensions.swift */ = {isa = PBXFileReference; lastKnownFileType = sourcecode.swift; path = Extensions.swift; sourceTree = "<group>"; };
/* End PBXFileReference section */

/* Begin PBXFrameworksBuildPhase section */
		B1BA1E572AF4648000C56130 /* Frameworks */ = {
			isa = PBXFrameworksBuildPhase;
			buildActionMask = 2147483647;
			files = (
				B1BA1E812AF4684E00C56130 /* FirebaseDatabase in Frameworks */,
				B1BA1E8F2AF4684E00C56130 /* FirebaseFunctionsCombine-Community in Frameworks */,
				B1BA1E872AF4684E00C56130 /* FirebaseFirestore in Frameworks */,
				B1BA1E732AF4684E00C56130 /* FirebaseAnalyticsSwift in Frameworks */,
				B1BA1E6F2AF4684E00C56130 /* FirebaseAnalytics in Frameworks */,
				B1BA1E712AF4684E00C56130 /* FirebaseAnalyticsOnDeviceConversion in Frameworks */,
				B1BA1E972AF4684E00C56130 /* FirebaseMLModelDownloader in Frameworks */,
				B1BA1E8B2AF4684E00C56130 /* FirebaseFirestoreSwift in Frameworks */,
				B1BA1E772AF4684E00C56130 /* FirebaseAppCheck in Frameworks */,
				B1BA1E752AF4684E00C56130 /* FirebaseAnalyticsWithoutAdIdSupport in Frameworks */,
				B1BA1E7B2AF4684E00C56130 /* FirebaseAuth in Frameworks */,
				B1BA1E7F2AF4684E00C56130 /* FirebaseCrashlytics in Frameworks */,
				B1BA1E9F2AF4684E00C56130 /* FirebaseRemoteConfigSwift in Frameworks */,
				B1BA1E912AF4684E00C56130 /* FirebaseInAppMessaging-Beta in Frameworks */,
				B1BA1E832AF4684E00C56130 /* FirebaseDatabaseSwift in Frameworks */,
				B1BA1E8D2AF4684E00C56130 /* FirebaseFunctions in Frameworks */,
				B1BA1EA32AF4684E00C56130 /* FirebaseStorageCombine-Community in Frameworks */,
				B1BA1E9D2AF4684E00C56130 /* FirebaseRemoteConfig in Frameworks */,
				B1BA1E792AF4684E00C56130 /* FirebaseAppDistribution-Beta in Frameworks */,
				B1BA1E7D2AF4684E00C56130 /* FirebaseAuthCombine-Community in Frameworks */,
				B1BA1E9B2AF4684E00C56130 /* FirebasePerformance in Frameworks */,
				B1BA1E932AF4684E00C56130 /* FirebaseInAppMessagingSwift-Beta in Frameworks */,
				B1BA1EA12AF4684E00C56130 /* FirebaseStorage in Frameworks */,
				B1BA1E852AF4684E00C56130 /* FirebaseDynamicLinks in Frameworks */,
				B1BA1E892AF4684E00C56130 /* FirebaseFirestoreCombine-Community in Frameworks */,
				B1BA1E992AF4684E00C56130 /* FirebaseMessaging in Frameworks */,
				B1BA1E952AF4684E00C56130 /* FirebaseInstallations in Frameworks */,
			);
			runOnlyForDeploymentPostprocessing = 0;
		};
/* End PBXFrameworksBuildPhase section */

/* Begin PBXGroup section */
		B1BA1E512AF4648000C56130 = {
			isa = PBXGroup;
			children = (
				B1BA1E5C2AF4648000C56130 /* ToDoListApp */,
				B1BA1E5B2AF4648000C56130 /* Products */,
			);
			sourceTree = "<group>";
		};
		B1BA1E5B2AF4648000C56130 /* Products */ = {
			isa = PBXGroup;
			children = (
				B1BA1E5A2AF4648000C56130 /* ToDoListApp.app */,
			);
			name = Products;
			sourceTree = "<group>";
		};
		B1BA1E5C2AF4648000C56130 /* ToDoListApp */ = {
			isa = PBXGroup;
			children = (
				B1BA1EAD2AF46C6400C56130 /* Other */,
				B1BA1EAC2AF46C4600C56130 /* Models */,
				B1BA1EAB2AF46C2C00C56130 /* ViewModels */,
				B1BA1EAA2AF46C2300C56130 /* Views */,
				B1BA1E632AF4648200C56130 /* Preview Content */,
			);
			path = ToDoListApp;
			sourceTree = "<group>";
		};
		B1BA1E632AF4648200C56130 /* Preview Content */ = {
			isa = PBXGroup;
			children = (
				B1BA1E642AF4648200C56130 /* Preview Assets.xcassets */,
			);
			path = "Preview Content";
			sourceTree = "<group>";
		};
		B1BA1EAA2AF46C2300C56130 /* Views */ = {
			isa = PBXGroup;
			children = (
				B1BA1E5F2AF4648000C56130 /* MainView.swift */,
				B1BA1EAE2AF46D4200C56130 /* ProfileView.swift */,
				B1BA1EB02AF46D5B00C56130 /* ToDoListView.swift */,
				B1BA1EB22AF46D6300C56130 /* NewItemView.swift */,
				B1BA1EB42AF46D6D00C56130 /* LoginView.swift */,
				B1BA1ECE2AF478C200C56130 /* TLButton.swift */,
				B1BA1EB62AF46D7800C56130 /* RegisterView.swift */,
				B1BA1EB82AF46DA100C56130 /* ToDoListItemView.swift */,
				B1BA1ECC2AF470EA00C56130 /* HeaderView.swift */,
			);
			path = Views;
			sourceTree = "<group>";
		};
		B1BA1EAB2AF46C2C00C56130 /* ViewModels */ = {
			isa = PBXGroup;
			children = (
				B1BA1EBE2AF46E2D00C56130 /* MainViewViewModel.swift */,
				B1BA1EC02AF46E3C00C56130 /* ProfileViewViewModel.swift */,
				B1BA1ECA2AF46E7800C56130 /* ToDoListItemViewViewModel.swift */,
				B1BA1EC22AF46E4D00C56130 /* ToDoListViewViewModel.swift */,
				B1BA1EC42AF46E5A00C56130 /* NewItemViewViewModel.swift */,
				B1BA1EC62AF46E6500C56130 /* LoginViewViewModel.swift */,
				B1BA1EC82AF46E6A00C56130 /* RegisterViewViewModel.swift */,
			);
			path = ViewModels;
			sourceTree = "<group>";
		};
		B1BA1EAC2AF46C4600C56130 /* Models */ = {
			isa = PBXGroup;
			children = (
				B1BA1EBA2AF46E0100C56130 /* User.swift */,
				B1BA1EBC2AF46E0C00C56130 /* ToDoListItem.swift */,
			);
			path = Models;
			sourceTree = "<group>";
		};
		B1BA1EAD2AF46C6400C56130 /* Other */ = {
			isa = PBXGroup;
			children = (
				B1BA1E5D2AF4648000C56130 /* ToDoListAppApp.swift */,
				B1BA1E612AF4648200C56130 /* Assets.xcassets */,
				B1BA1EA82AF46B8900C56130 /* GoogleService-Info.plist */,
				B1BA1ED02AF482A000C56130 /* Extensions.swift */,
			);
			path = Other;
			sourceTree = "<group>";
		};
/* End PBXGroup section */

/* Begin PBXNativeTarget section */
		B1BA1E592AF4648000C56130 /* ToDoListApp */ = {
			isa = PBXNativeTarget;
			buildConfigurationList = B1BA1E682AF4648200C56130 /* Build configuration list for PBXNativeTarget "ToDoListApp" */;
			buildPhases = (
				B1BA1E562AF4648000C56130 /* Sources */,
				B1BA1E572AF4648000C56130 /* Frameworks */,
				B1BA1E582AF4648000C56130 /* Resources */,
			);
			buildRules = (
			);
			dependencies = (
			);
			name = ToDoListApp;
			packageProductDependencies = (
				B1BA1E6E2AF4684E00C56130 /* FirebaseAnalytics */,
				B1BA1E702AF4684E00C56130 /* FirebaseAnalyticsOnDeviceConversion */,
				B1BA1E722AF4684E00C56130 /* FirebaseAnalyticsSwift */,
				B1BA1E742AF4684E00C56130 /* FirebaseAnalyticsWithoutAdIdSupport */,
				B1BA1E762AF4684E00C56130 /* FirebaseAppCheck */,
				B1BA1E782AF4684E00C56130 /* FirebaseAppDistribution-Beta */,
				B1BA1E7A2AF4684E00C56130 /* FirebaseAuth */,
				B1BA1E7C2AF4684E00C56130 /* FirebaseAuthCombine-Community */,
				B1BA1E7E2AF4684E00C56130 /* FirebaseCrashlytics */,
				B1BA1E802AF4684E00C56130 /* FirebaseDatabase */,
				B1BA1E822AF4684E00C56130 /* FirebaseDatabaseSwift */,
				B1BA1E842AF4684E00C56130 /* FirebaseDynamicLinks */,
				B1BA1E862AF4684E00C56130 /* FirebaseFirestore */,
				B1BA1E882AF4684E00C56130 /* FirebaseFirestoreCombine-Community */,
				B1BA1E8A2AF4684E00C56130 /* FirebaseFirestoreSwift */,
				B1BA1E8C2AF4684E00C56130 /* FirebaseFunctions */,
				B1BA1E8E2AF4684E00C56130 /* FirebaseFunctionsCombine-Community */,
				B1BA1E902AF4684E00C56130 /* FirebaseInAppMessaging-Beta */,
				B1BA1E922AF4684E00C56130 /* FirebaseInAppMessagingSwift-Beta */,
				B1BA1E942AF4684E00C56130 /* FirebaseInstallations */,
				B1BA1E962AF4684E00C56130 /* FirebaseMLModelDownloader */,
				B1BA1E982AF4684E00C56130 /* FirebaseMessaging */,
				B1BA1E9A2AF4684E00C56130 /* FirebasePerformance */,
				B1BA1E9C2AF4684E00C56130 /* FirebaseRemoteConfig */,
				B1BA1E9E2AF4684E00C56130 /* FirebaseRemoteConfigSwift */,
				B1BA1EA02AF4684E00C56130 /* FirebaseStorage */,
				B1BA1EA22AF4684E00C56130 /* FirebaseStorageCombine-Community */,
			);
			productName = ToDoListApp;
			productReference = B1BA1E5A2AF4648000C56130 /* ToDoListApp.app */;
			productType = "com.apple.product-type.application";
		};
/* End PBXNativeTarget section */

/* Begin PBXProject section */
		B1BA1E522AF4648000C56130 /* Project object */ = {
			isa = PBXProject;
			attributes = {
				BuildIndependentTargetsInParallel = 1;
				LastSwiftUpdateCheck = 1500;
				LastUpgradeCheck = 1500;
				TargetAttributes = {
					B1BA1E592AF4648000C56130 = {
						CreatedOnToolsVersion = 15.0.1;
					};
				};
			};
			buildConfigurationList = B1BA1E552AF4648000C56130 /* Build configuration list for PBXProject "ToDoListApp" */;
			compatibilityVersion = "Xcode 14.0";
			developmentRegion = en;
			hasScannedForEncodings = 0;
			knownRegions = (
				en,
				Base,
			);
			mainGroup = B1BA1E512AF4648000C56130;
			packageReferences = (
				B1BA1E6D2AF4684E00C56130 /* XCRemoteSwiftPackageReference "firebase-ios-sdk" */,
			);
			productRefGroup = B1BA1E5B2AF4648000C56130 /* Products */;
			projectDirPath = "";
			projectRoot = "";
			targets = (
				B1BA1E592AF4648000C56130 /* ToDoListApp */,
			);
		};
/* End PBXProject section */

/* Begin PBXResourcesBuildPhase section */
		B1BA1E582AF4648000C56130 /* Resources */ = {
			isa = PBXResourcesBuildPhase;
			buildActionMask = 2147483647;
			files = (
				B1BA1E652AF4648200C56130 /* Preview Assets.xcassets in Resources */,
				B1BA1E622AF4648200C56130 /* Assets.xcassets in Resources */,
				B1BA1EA92AF46B8900C56130 /* GoogleService-Info.plist in Resources */,
			);
			runOnlyForDeploymentPostprocessing = 0;
		};
/* End PBXResourcesBuildPhase section */

/* Begin PBXSourcesBuildPhase section */
		B1BA1E562AF4648000C56130 /* Sources */ = {
			isa = PBXSourcesBuildPhase;
			buildActionMask = 2147483647;
			files = (
				B1BA1EB52AF46D6D00C56130 /* LoginView.swift in Sources */,
				B1BA1ECD2AF470EA00C56130 /* HeaderView.swift in Sources */,
				B1BA1E602AF4648000C56130 /* MainView.swift in Sources */,
				B1BA1EC92AF46E6A00C56130 /* RegisterViewViewModel.swift in Sources */,
				B1BA1EBF2AF46E2D00C56130 /* MainViewViewModel.swift in Sources */,
				B1BA1EB12AF46D5B00C56130 /* ToDoListView.swift in Sources */,
				B1BA1EB72AF46D7800C56130 /* RegisterView.swift in Sources */,
				B1BA1ECF2AF478C200C56130 /* TLButton.swift in Sources */,
				B1BA1EC12AF46E3C00C56130 /* ProfileViewViewModel.swift in Sources */,
				B1BA1EAF2AF46D4200C56130 /* ProfileView.swift in Sources */,
				B1BA1EBB2AF46E0100C56130 /* User.swift in Sources */,
				B1BA1EB92AF46DA100C56130 /* ToDoListItemView.swift in Sources */,
				B1BA1EC32AF46E4D00C56130 /* ToDoListViewViewModel.swift in Sources */,
				B1BA1EC72AF46E6500C56130 /* LoginViewViewModel.swift in Sources */,
				B1BA1E5E2AF4648000C56130 /* ToDoListAppApp.swift in Sources */,
				B1BA1ED12AF482A000C56130 /* Extensions.swift in Sources */,
				B1BA1EBD2AF46E0C00C56130 /* ToDoListItem.swift in Sources */,
				B1BA1EB32AF46D6300C56130 /* NewItemView.swift in Sources */,
				B1BA1EC52AF46E5A00C56130 /* NewItemViewViewModel.swift in Sources */,
				B1BA1ECB2AF46E7800C56130 /* ToDoListItemViewViewModel.swift in Sources */,
			);
			runOnlyForDeploymentPostprocessing = 0;
		};
/* End PBXSourcesBuildPhase section */

/* Begin XCBuildConfiguration section */
		B1BA1E662AF4648200C56130 /* Debug */ = {
			isa = XCBuildConfiguration;
			buildSettings = {
				ALWAYS_SEARCH_USER_PATHS = NO;
				ASSETCATALOG_COMPILER_GENERATE_SWIFT_ASSET_SYMBOL_EXTENSIONS = YES;
				CLANG_ANALYZER_NONNULL = YES;
				CLANG_ANALYZER_NUMBER_OBJECT_CONVERSION = YES_AGGRESSIVE;
				CLANG_CXX_LANGUAGE_STANDARD = "gnu++20";
				CLANG_ENABLE_MODULES = YES;
				CLANG_ENABLE_OBJC_ARC = YES;
				CLANG_ENABLE_OBJC_WEAK = YES;
				CLANG_WARN_BLOCK_CAPTURE_AUTORELEASING = YES;
				CLANG_WARN_BOOL_CONVERSION = YES;
				CLANG_WARN_COMMA = YES;
				CLANG_WARN_CONSTANT_CONVERSION = YES;
				CLANG_WARN_DEPRECATED_OBJC_IMPLEMENTATIONS = YES;
				CLANG_WARN_DIRECT_OBJC_ISA_USAGE = YES_ERROR;
				CLANG_WARN_DOCUMENTATION_COMMENTS = YES;
				CLANG_WARN_EMPTY_BODY = YES;
				CLANG_WARN_ENUM_CONVERSION = YES;
				CLANG_WARN_INFINITE_RECURSION = YES;
				CLANG_WARN_INT_CONVERSION = YES;
				CLANG_WARN_NON_LITERAL_NULL_CONVERSION = YES;
				CLANG_WARN_OBJC_IMPLICIT_RETAIN_SELF = YES;
				CLANG_WARN_OBJC_LITERAL_CONVERSION = YES;
				CLANG_WARN_OBJC_ROOT_CLASS = YES_ERROR;
				CLANG_WARN_QUOTED_INCLUDE_IN_FRAMEWORK_HEADER = YES;
				CLANG_WARN_RANGE_LOOP_ANALYSIS = YES;
				CLANG_WARN_STRICT_PROTOTYPES = YES;
				CLANG_WARN_SUSPICIOUS_MOVE = YES;
				CLANG_WARN_UNGUARDED_AVAILABILITY = YES_AGGRESSIVE;
				CLANG_WARN_UNREACHABLE_CODE = YES;
				CLANG_WARN__DUPLICATE_METHOD_MATCH = YES;
				COPY_PHASE_STRIP = NO;
				DEBUG_INFORMATION_FORMAT = dwarf;
				ENABLE_STRICT_OBJC_MSGSEND = YES;
				ENABLE_TESTABILITY = YES;
				ENABLE_USER_SCRIPT_SANDBOXING = YES;
				GCC_C_LANGUAGE_STANDARD = gnu17;
				GCC_DYNAMIC_NO_PIC = NO;
				GCC_NO_COMMON_BLOCKS = YES;
				GCC_OPTIMIZATION_LEVEL = 0;
				GCC_PREPROCESSOR_DEFINITIONS = (
					"DEBUG=1",
					"$(inherited)",
				);
				GCC_WARN_64_TO_32_BIT_CONVERSION = YES;
				GCC_WARN_ABOUT_RETURN_TYPE = YES_ERROR;
				GCC_WARN_UNDECLARED_SELECTOR = YES;
				GCC_WARN_UNINITIALIZED_AUTOS = YES_AGGRESSIVE;
				GCC_WARN_UNUSED_FUNCTION = YES;
				GCC_WARN_UNUSED_VARIABLE = YES;
				IPHONEOS_DEPLOYMENT_TARGET = 17.0;
				LOCALIZATION_PREFERS_STRING_CATALOGS = YES;
				MTL_ENABLE_DEBUG_INFO = INCLUDE_SOURCE;
				MTL_FAST_MATH = YES;
				ONLY_ACTIVE_ARCH = YES;
				SDKROOT = iphoneos;
				SWIFT_ACTIVE_COMPILATION_CONDITIONS = "DEBUG $(inherited)";
				SWIFT_OPTIMIZATION_LEVEL = "-Onone";
			};
			name = Debug;
		};
		B1BA1E672AF4648200C56130 /* Release */ = {
			isa = XCBuildConfiguration;
			buildSettings = {
				ALWAYS_SEARCH_USER_PATHS = NO;
				ASSETCATALOG_COMPILER_GENERATE_SWIFT_ASSET_SYMBOL_EXTENSIONS = YES;
				CLANG_ANALYZER_NONNULL = YES;
				CLANG_ANALYZER_NUMBER_OBJECT_CONVERSION = YES_AGGRESSIVE;
				CLANG_CXX_LANGUAGE_STANDARD = "gnu++20";
				CLANG_ENABLE_MODULES = YES;
				CLANG_ENABLE_OBJC_ARC = YES;
				CLANG_ENABLE_OBJC_WEAK = YES;
				CLANG_WARN_BLOCK_CAPTURE_AUTORELEASING = YES;
				CLANG_WARN_BOOL_CONVERSION = YES;
				CLANG_WARN_COMMA = YES;
				CLANG_WARN_CONSTANT_CONVERSION = YES;
				CLANG_WARN_DEPRECATED_OBJC_IMPLEMENTATIONS = YES;
				CLANG_WARN_DIRECT_OBJC_ISA_USAGE = YES_ERROR;
				CLANG_WARN_DOCUMENTATION_COMMENTS = YES;
				CLANG_WARN_EMPTY_BODY = YES;
				CLANG_WARN_ENUM_CONVERSION = YES;
				CLANG_WARN_INFINITE_RECURSION = YES;
				CLANG_WARN_INT_CONVERSION = YES;
				CLANG_WARN_NON_LITERAL_NULL_CONVERSION = YES;
				CLANG_WARN_OBJC_IMPLICIT_RETAIN_SELF = YES;
				CLANG_WARN_OBJC_LITERAL_CONVERSION = YES;
				CLANG_WARN_OBJC_ROOT_CLASS = YES_ERROR;
				CLANG_WARN_QUOTED_INCLUDE_IN_FRAMEWORK_HEADER = YES;
				CLANG_WARN_RANGE_LOOP_ANALYSIS = YES;
				CLANG_WARN_STRICT_PROTOTYPES = YES;
				CLANG_WARN_SUSPICIOUS_MOVE = YES;
				CLANG_WARN_UNGUARDED_AVAILABILITY = YES_AGGRESSIVE;
				CLANG_WARN_UNREACHABLE_CODE = YES;
				CLANG_WARN__DUPLICATE_METHOD_MATCH = YES;
				COPY_PHASE_STRIP = NO;
				DEBUG_INFORMATION_FORMAT = "dwarf-with-dsym";
				ENABLE_NS_ASSERTIONS = NO;
				ENABLE_STRICT_OBJC_MSGSEND = YES;
				ENABLE_USER_SCRIPT_SANDBOXING = YES;
				GCC_C_LANGUAGE_STANDARD = gnu17;
				GCC_NO_COMMON_BLOCKS = YES;
				GCC_WARN_64_TO_32_BIT_CONVERSION = YES;
				GCC_WARN_ABOUT_RETURN_TYPE = YES_ERROR;
				GCC_WARN_UNDECLARED_SELECTOR = YES;
				GCC_WARN_UNINITIALIZED_AUTOS = YES_AGGRESSIVE;
				GCC_WARN_UNUSED_FUNCTION = YES;
				GCC_WARN_UNUSED_VARIABLE = YES;
				IPHONEOS_DEPLOYMENT_TARGET = 17.0;
				LOCALIZATION_PREFERS_STRING_CATALOGS = YES;
				MTL_ENABLE_DEBUG_INFO = NO;
				MTL_FAST_MATH = YES;
				SDKROOT = iphoneos;
				SWIFT_COMPILATION_MODE = wholemodule;
				VALIDATE_PRODUCT = YES;
			};
			name = Release;
		};
		B1BA1E692AF4648200C56130 /* Debug */ = {
			isa = XCBuildConfiguration;
			buildSettings = {
				ASSETCATALOG_COMPILER_APPICON_NAME = AppIcon;
				ASSETCATALOG_COMPILER_GLOBAL_ACCENT_COLOR_NAME = AccentColor;
				CODE_SIGN_STYLE = Automatic;
				CURRENT_PROJECT_VERSION = 1;
				DEVELOPMENT_ASSET_PATHS = "\"ToDoListApp/Preview Content\"";
				ENABLE_PREVIEWS = YES;
				GENERATE_INFOPLIST_FILE = YES;
				INFOPLIST_KEY_CFBundleDisplayName = "To Do List";
				INFOPLIST_KEY_UIApplicationSceneManifest_Generation = YES;
				INFOPLIST_KEY_UIApplicationSupportsIndirectInputEvents = YES;
				INFOPLIST_KEY_UILaunchScreen_Generation = YES;
				INFOPLIST_KEY_UISupportedInterfaceOrientations = UIInterfaceOrientationPortrait;
				LD_RUNPATH_SEARCH_PATHS = (
					"$(inherited)",
					"@executable_path/Frameworks",
				);
				MARKETING_VERSION = 1.0;
				PRODUCT_BUNDLE_IDENTIFIER = jackson.ToDoListApp;
				PRODUCT_NAME = "$(TARGET_NAME)";
				SWIFT_EMIT_LOC_STRINGS = YES;
				SWIFT_VERSION = 5.0;
				TARGETED_DEVICE_FAMILY = "1,2";
			};
			name = Debug;
		};
		B1BA1E6A2AF4648200C56130 /* Release */ = {
			isa = XCBuildConfiguration;
			buildSettings = {
				ASSETCATALOG_COMPILER_APPICON_NAME = AppIcon;
				ASSETCATALOG_COMPILER_GLOBAL_ACCENT_COLOR_NAME = AccentColor;
				CODE_SIGN_STYLE = Automatic;
				CURRENT_PROJECT_VERSION = 1;
				DEVELOPMENT_ASSET_PATHS = "\"ToDoListApp/Preview Content\"";
				ENABLE_PREVIEWS = YES;
				GENERATE_INFOPLIST_FILE = YES;
				INFOPLIST_KEY_CFBundleDisplayName = "To Do List";
				INFOPLIST_KEY_UIApplicationSceneManifest_Generation = YES;
				INFOPLIST_KEY_UIApplicationSupportsIndirectInputEvents = YES;
				INFOPLIST_KEY_UILaunchScreen_Generation = YES;
				INFOPLIST_KEY_UISupportedInterfaceOrientations = UIInterfaceOrientationPortrait;
				LD_RUNPATH_SEARCH_PATHS = (
					"$(inherited)",
					"@executable_path/Frameworks",
				);
				MARKETING_VERSION = 1.0;
				PRODUCT_BUNDLE_IDENTIFIER = jackson.ToDoListApp;
				PRODUCT_NAME = "$(TARGET_NAME)";
				SWIFT_EMIT_LOC_STRINGS = YES;
				SWIFT_VERSION = 5.0;
				TARGETED_DEVICE_FAMILY = "1,2";
			};
			name = Release;
		};
/* End XCBuildConfiguration section */

/* Begin XCConfigurationList section */
		B1BA1E552AF4648000C56130 /* Build configuration list for PBXProject "ToDoListApp" */ = {
			isa = XCConfigurationList;
			buildConfigurations = (
				B1BA1E662AF4648200C56130 /* Debug */,
				B1BA1E672AF4648200C56130 /* Release */,
			);
			defaultConfigurationIsVisible = 0;
			defaultConfigurationName = Release;
		};
		B1BA1E682AF4648200C56130 /* Build configuration list for PBXNativeTarget "ToDoListApp" */ = {
			isa = XCConfigurationList;
			buildConfigurations = (
				B1BA1E692AF4648200C56130 /* Debug */,
				B1BA1E6A2AF4648200C56130 /* Release */,
			);
			defaultConfigurationIsVisible = 0;
			defaultConfigurationName = Release;
		};
/* End XCConfigurationList section */

/* Begin XCRemoteSwiftPackageReference section */
		B1BA1E6D2AF4684E00C56130 /* XCRemoteSwiftPackageReference "firebase-ios-sdk" */ = {
			isa = XCRemoteSwiftPackageReference;
			repositoryURL = "https://github.com/firebase/firebase-ios-sdk";
			requirement = {
				kind = upToNextMajorVersion;
				minimumVersion = 10.17.0;
			};
		};
/* End XCRemoteSwiftPackageReference section */

/* Begin XCSwiftPackageProductDependency section */
		B1BA1E6E2AF4684E00C56130 /* FirebaseAnalytics */ = {
			isa = XCSwiftPackageProductDependency;
			package = B1BA1E6D2AF4684E00C56130 /* XCRemoteSwiftPackageReference "firebase-ios-sdk" */;
			productName = FirebaseAnalytics;
		};
		B1BA1E702AF4684E00C56130 /* FirebaseAnalyticsOnDeviceConversion */ = {
			isa = XCSwiftPackageProductDependency;
			package = B1BA1E6D2AF4684E00C56130 /* XCRemoteSwiftPackageReference "firebase-ios-sdk" */;
			productName = FirebaseAnalyticsOnDeviceConversion;
		};
		B1BA1E722AF4684E00C56130 /* FirebaseAnalyticsSwift */ = {
			isa = XCSwiftPackageProductDependency;
			package = B1BA1E6D2AF4684E00C56130 /* XCRemoteSwiftPackageReference "firebase-ios-sdk" */;
			productName = FirebaseAnalyticsSwift;
		};
		B1BA1E742AF4684E00C56130 /* FirebaseAnalyticsWithoutAdIdSupport */ = {
			isa = XCSwiftPackageProductDependency;
			package = B1BA1E6D2AF4684E00C56130 /* XCRemoteSwiftPackageReference "firebase-ios-sdk" */;
			productName = FirebaseAnalyticsWithoutAdIdSupport;
		};
		B1BA1E762AF4684E00C56130 /* FirebaseAppCheck */ = {
			isa = XCSwiftPackageProductDependency;
			package = B1BA1E6D2AF4684E00C56130 /* XCRemoteSwiftPackageReference "firebase-ios-sdk" */;
			productName = FirebaseAppCheck;
		};
		B1BA1E782AF4684E00C56130 /* FirebaseAppDistribution-Beta */ = {
			isa = XCSwiftPackageProductDependency;
			package = B1BA1E6D2AF4684E00C56130 /* XCRemoteSwiftPackageReference "firebase-ios-sdk" */;
			productName = "FirebaseAppDistribution-Beta";
		};
		B1BA1E7A2AF4684E00C56130 /* FirebaseAuth */ = {
			isa = XCSwiftPackageProductDependency;
			package = B1BA1E6D2AF4684E00C56130 /* XCRemoteSwiftPackageReference "firebase-ios-sdk" */;
			productName = FirebaseAuth;
		};
		B1BA1E7C2AF4684E00C56130 /* FirebaseAuthCombine-Community */ = {
			isa = XCSwiftPackageProductDependency;
			package = B1BA1E6D2AF4684E00C56130 /* XCRemoteSwiftPackageReference "firebase-ios-sdk" */;
			productName = "FirebaseAuthCombine-Community";
		};
		B1BA1E7E2AF4684E00C56130 /* FirebaseCrashlytics */ = {
			isa = XCSwiftPackageProductDependency;
			package = B1BA1E6D2AF4684E00C56130 /* XCRemoteSwiftPackageReference "firebase-ios-sdk" */;
			productName = FirebaseCrashlytics;
		};
		B1BA1E802AF4684E00C56130 /* FirebaseDatabase */ = {
			isa = XCSwiftPackageProductDependency;
			package = B1BA1E6D2AF4684E00C56130 /* XCRemoteSwiftPackageReference "firebase-ios-sdk" */;
			productName = FirebaseDatabase;
		};
		B1BA1E822AF4684E00C56130 /* FirebaseDatabaseSwift */ = {
			isa = XCSwiftPackageProductDependency;
			package = B1BA1E6D2AF4684E00C56130 /* XCRemoteSwiftPackageReference "firebase-ios-sdk" */;
			productName = FirebaseDatabaseSwift;
		};
		B1BA1E842AF4684E00C56130 /* FirebaseDynamicLinks */ = {
			isa = XCSwiftPackageProductDependency;
			package = B1BA1E6D2AF4684E00C56130 /* XCRemoteSwiftPackageReference "firebase-ios-sdk" */;
			productName = FirebaseDynamicLinks;
		};
		B1BA1E862AF4684E00C56130 /* FirebaseFirestore */ = {
			isa = XCSwiftPackageProductDependency;
			package = B1BA1E6D2AF4684E00C56130 /* XCRemoteSwiftPackageReference "firebase-ios-sdk" */;
			productName = FirebaseFirestore;
		};
		B1BA1E882AF4684E00C56130 /* FirebaseFirestoreCombine-Community */ = {
			isa = XCSwiftPackageProductDependency;
			package = B1BA1E6D2AF4684E00C56130 /* XCRemoteSwiftPackageReference "firebase-ios-sdk" */;
			productName = "FirebaseFirestoreCombine-Community";
		};
		B1BA1E8A2AF4684E00C56130 /* FirebaseFirestoreSwift */ = {
			isa = XCSwiftPackageProductDependency;
			package = B1BA1E6D2AF4684E00C56130 /* XCRemoteSwiftPackageReference "firebase-ios-sdk" */;
			productName = FirebaseFirestoreSwift;
		};
		B1BA1E8C2AF4684E00C56130 /* FirebaseFunctions */ = {
			isa = XCSwiftPackageProductDependency;
			package = B1BA1E6D2AF4684E00C56130 /* XCRemoteSwiftPackageReference "firebase-ios-sdk" */;
			productName = FirebaseFunctions;
		};
		B1BA1E8E2AF4684E00C56130 /* FirebaseFunctionsCombine-Community */ = {
			isa = XCSwiftPackageProductDependency;
			package = B1BA1E6D2AF4684E00C56130 /* XCRemoteSwiftPackageReference "firebase-ios-sdk" */;
			productName = "FirebaseFunctionsCombine-Community";
		};
		B1BA1E902AF4684E00C56130 /* FirebaseInAppMessaging-Beta */ = {
			isa = XCSwiftPackageProductDependency;
			package = B1BA1E6D2AF4684E00C56130 /* XCRemoteSwiftPackageReference "firebase-ios-sdk" */;
			productName = "FirebaseInAppMessaging-Beta";
		};
		B1BA1E922AF4684E00C56130 /* FirebaseInAppMessagingSwift-Beta */ = {
			isa = XCSwiftPackageProductDependency;
			package = B1BA1E6D2AF4684E00C56130 /* XCRemoteSwiftPackageReference "firebase-ios-sdk" */;
			productName = "FirebaseInAppMessagingSwift-Beta";
		};
		B1BA1E942AF4684E00C56130 /* FirebaseInstallations */ = {
			isa = XCSwiftPackageProductDependency;
			package = B1BA1E6D2AF4684E00C56130 /* XCRemoteSwiftPackageReference "firebase-ios-sdk" */;
			productName = FirebaseInstallations;
		};
		B1BA1E962AF4684E00C56130 /* FirebaseMLModelDownloader */ = {
			isa = XCSwiftPackageProductDependency;
			package = B1BA1E6D2AF4684E00C56130 /* XCRemoteSwiftPackageReference "firebase-ios-sdk" */;
			productName = FirebaseMLModelDownloader;
		};
		B1BA1E982AF4684E00C56130 /* FirebaseMessaging */ = {
			isa = XCSwiftPackageProductDependency;
			package = B1BA1E6D2AF4684E00C56130 /* XCRemoteSwiftPackageReference "firebase-ios-sdk" */;
			productName = FirebaseMessaging;
		};
		B1BA1E9A2AF4684E00C56130 /* FirebasePerformance */ = {
			isa = XCSwiftPackageProductDependency;
			package = B1BA1E6D2AF4684E00C56130 /* XCRemoteSwiftPackageReference "firebase-ios-sdk" */;
			productName = FirebasePerformance;
		};
		B1BA1E9C2AF4684E00C56130 /* FirebaseRemoteConfig */ = {
			isa = XCSwiftPackageProductDependency;
			package = B1BA1E6D2AF4684E00C56130 /* XCRemoteSwiftPackageReference "firebase-ios-sdk" */;
			productName = FirebaseRemoteConfig;
		};
		B1BA1E9E2AF4684E00C56130 /* FirebaseRemoteConfigSwift */ = {
			isa = XCSwiftPackageProductDependency;
			package = B1BA1E6D2AF4684E00C56130 /* XCRemoteSwiftPackageReference "firebase-ios-sdk" */;
			productName = FirebaseRemoteConfigSwift;
		};
		B1BA1EA02AF4684E00C56130 /* FirebaseStorage */ = {
			isa = XCSwiftPackageProductDependency;
			package = B1BA1E6D2AF4684E00C56130 /* XCRemoteSwiftPackageReference "firebase-ios-sdk" */;
			productName = FirebaseStorage;
		};
		B1BA1EA22AF4684E00C56130 /* FirebaseStorageCombine-Community */ = {
			isa = XCSwiftPackageProductDependency;
			package = B1BA1E6D2AF4684E00C56130 /* XCRemoteSwiftPackageReference "firebase-ios-sdk" */;
			productName = "FirebaseStorageCombine-Community";
		};
/* End XCSwiftPackageProductDependency section */
	};
	rootObject = B1BA1E522AF4648000C56130 /* Project object */;
}
